aiohappyeyeballs==2.7.1
aiohttp==3.14.3
aiosignal==1.4.0
anyio==4.14.2
asgiref==3.12.1
async-timeout==5.0.1
attrs==26.1.0
bitarray==3.10.1
blinker==1.9.0
blockcerts-merkletools==1.0.5
cachetools==7.1.7
cbor2==6.1.4
cert-core==3.0.0
cert-issuer @ git+https://github.com/blockchain-certificates/cert-issuer.git@199cd8be7c1d314651455a3b4d375961b8e5f6ce
cert-schema==3.10.0
certifi==2026.7.22
charset-normalizer==3.5.1
ckzg==1.0.2
click==8.4.2
colorama==0.4.6
ConfigArgParse==0.13.0
connexion==3.2.0
cytoolz==1.1.0
distlib==0.4.3
dnspython==2.8.0
eth-account==0.11.3
eth-hash==0.8.0
eth-keyfile==0.10.0
eth-keys==0.8.0
eth-rlp==1.0.1
eth-typing==4.4.0
eth-utils==2.3.2
eth_abi==6.0.0
exceptiongroup==1.3.1
filelock==3.32.4
Flask==3.1.3
Flask-PyMongo==3.0.1
frozendict==2.4.7
frozenlist==1.8.0
glob2==0.6
h11==0.16.0
hexbytes==0.3.1
httpcore==1.0.9
httpx==0.28.1
idna==3.19
inflection==0.5.1
itsdangerous==2.2.0
Jinja2==3.1.6
jsonschema==4.26.0
jsonschema-specifications==2025.9.1
lds-merkle-proof-2019==0.1.0
lru-dict==1.2.0
lxml==6.1.2
MarkupSafe==3.0.3
mock==2.0.0
morphys==1.0
multidict==6.7.1
packaging==26.3
parsimonious==0.10.0
pbr==7.1.1
platformdirs==4.11.4
pluggy==1.6.0
propcache==0.5.2
protobuf==7.36.0
py-ecc==8.0.0
py-multibase==2.0.0
pycoin==0.92.20241201
pycryptodome==3.23.0
PyLD==2.0.3
pymongo==4.17.0
pyproject-api==1.11.0
python-baseconv==1.2.2
python-bitcoinlib==0.12.2
python-dateutil==2.9.0.post0
python-discovery==1.5.3
python-multipart==0.0.32
pytz==2026.3.post1
pyunormalize==17.0.0
PyYAML==6.0.3
referencing==0.37.0
regex==2026.7.19
requests==2.34.2
rlp==5.0.0
rpds-py==0.30.0
safe-pysha3==1.0.5
simplekv==0.14.1
six==1.17.0
starlette==1.6.0
tomli==2.4.1
tomli_w==1.2.0
toolz==1.1.0
tox==4.60.1
typing_extensions==4.16.0
urllib3==2.7.0
validators==0.35.0
virtualenv==21.7.5
web3==6.20.4
websockets==13.1
Werkzeug==3.1.8
yarl==1.24.5
